
Microsoft Visual Studio Solution File, Format Version 12.00
# Visual Studio Version 17
VisualStudioVersion = 17.9.34723.18
MinimumVisualStudioVersion = 10.0.40219.1
Project("{FAE04EC0-301F-11D3-BF4B-00C04F79EFBC}") = "MotorCA-Web", "MotorCA-Web\MotorCA-Web.csproj", "{C8E9DF68-F843-49AB-B880-7400B041E511}"
EndProject
Global
	GlobalSection(SolutionConfigurationPlatforms) = preSolution
		Debug|Any CPU = Debug|Any CPU
		Release|Any CPU = Release|Any CPU
	EndGlobalSection
	GlobalSection(ProjectConfigurationPlatforms) = postSolution
		{C8E9DF68-F843-49AB-B880-7400B041E511}.Debug|Any CPU.ActiveCfg = Debug|Any CPU
		{C8E9DF68-F843-49AB-B880-7400B041E511}.Debug|Any CPU.Build.0 = Debug|Any CPU
		{C8E9DF68-F843-49AB-B880-7400B041E511}.Release|Any CPU.ActiveCfg = Release|Any CPU
		{C8E9DF68-F843-49AB-B880-7400B041E511}.Release|Any CPU.Build.0 = Release|Any CPU
	EndGlobalSection
	GlobalSection(SolutionProperties) = preSolution
		HideSolutionNode = FALSE
	EndGlobalSection
	GlobalSection(ExtensibilityGlobals) = postSolution
		SolutionGuid = {77C898F4-BAD2-4114-9E05-C74A9EBB55FD}
	EndGlobalSection
EndGlobal
